
Microsoft Visual Studio Solution File, Format Version 12.00
# Visual Studio Version 17
VisualStudioVersion = 17.8.34330.188
MinimumVisualStudioVersion = 10.0.40219.1
Project("{FAE04EC0-301F-11D3-BF4B-00C04F79EFBC}") = "EquipmentRepair", "EquipmentRepair.csproj", "{5870EE37-16A2-41C7-B1E9-CFAB5D010EAE}"
EndProject
Global
	GlobalSection(SolutionConfigurationPlatforms) = preSolution
		Debug|Any CPU = Debug|Any CPU
		Release|Any CPU = Release|Any CPU
	EndGlobalSection
	GlobalSection(ProjectConfigurationPlatforms) = postSolution
		{5870EE37-16A2-41C7-B1E9-CFAB5D010EAE}.Debug|Any CPU.ActiveCfg = Debug|Any CPU
		{5870EE37-16A2-41C7-B1E9-CFAB5D010EAE}.Debug|Any CPU.Build.0 = Debug|Any CPU
		{5870EE37-16A2-41C7-B1E9-CFAB5D010EAE}.Release|Any CPU.ActiveCfg = Release|Any CPU
		{5870EE37-16A2-41C7-B1E9-CFAB5D010EAE}.Release|Any CPU.Build.0 = Release|Any CPU
	EndGlobalSection
	GlobalSection(SolutionProperties) = preSolution
		HideSolutionNode = FALSE
	EndGlobalSection
	GlobalSection(ExtensibilityGlobals) = postSolution
		SolutionGuid = {E2678D8B-2D7D-4C0D-9506-9E43A68AC94A}
	EndGlobalSection
EndGlobal
